<?xml version="1.0" encoding="utf-8"?>
<Project ToolsVersion="4.0" xmlns="http://schemas.microsoft.com/developer/msbuild/2003">
  <ItemGroup>
    <Filter Include="Source Files">
      <UniqueIdentifier>{4FC737F1-C7A5-4376-A066-2A32D752A2FF}</UniqueIdentifier>
      <Extensions>cpp;c;cc;cxx;def;odl;idl;hpj;bat;asm;asmx</Extensions>
    </Filter>
    <Filter Include="Header Files">
      <UniqueIdentifier>{93995380-89BD-4b04-88EB-625FBE52EBFB}</UniqueIdentifier>
      <Extensions>h;hh;hpp;hxx;hm;inl;inc;xsd</Extensions>
    </Filter>
    <Filter Include="Resource Files">
      <UniqueIdentifier>{67DA6AB6-F800-4c08-8B7A-83BB121AAD01}</UniqueIdentifier>
      <Extensions>rc;ico;cur;bmp;dlg;rc2;rct;bin;rgs;gif;jpg;jpeg;jpe;resx;tiff;tif;png;wav</Extensions>
    </Filter>
  </ItemGroup>
  <ItemGroup>
    <ClCompile Include="src\game.c">
      <Filter>Source Files</Filter>
    </ClCompile>
    <ClCompile Include="src\main.c">
      <Filter>Source Files</Filter>
    </ClCompile>
    <ClCompile Include="src\entities\board.c">
      <Filter>Source Files</Filter>
    </ClCompile>
    <ClCompile Include="src\entities\cursor.c">
      <Filter>Source Files</Filter>
    </ClCompile>
    <ClCompile Include="src\entities\match.c">
      <Filter>Source Files</Filter>
    </ClCompile>
    <ClCompile Include="src\keyboard\keyboard.c">
      <Filter>Source Files</Filter>
    </ClCompile>
    <ClCompile Include="src\sprites\arm01.c">
      <Filter>Source Files</Filter>
    </ClCompile>
    <ClCompile Include="src\sprites\arm02.c">
      <Filter>Source Files</Filter>
    </ClCompile>
    <ClCompile Include="src\sprites\blocks.c">
      <Filter>Source Files</Filter>
    </ClCompile>
    <ClCompile Include="src\sprites\crown.c">
      <Filter>Source Files</Filter>
    </ClCompile>
    <ClCompile Include="src\sprites\downPills.c">
      <Filter>Source Files</Filter>
    </ClCompile>
    <ClCompile Include="src\sprites\drroland01.c">
      <Filter>Source Files</Filter>
    </ClCompile>
    <ClCompile Include="src\sprites\drroland02.c">
      <Filter>Source Files</Filter>
    </ClCompile>
    <ClCompile Include="src\sprites\eyes.c">
      <Filter>Source Files</Filter>
    </ClCompile>
    <ClCompile Include="src\sprites\feet.c">
      <Filter>Source Files</Filter>
    </ClCompile>
    <ClCompile Include="src\sprites\font_chars.c">
      <Filter>Source Files</Filter>
    </ClCompile>
    <ClCompile Include="src\sprites\hit.c">
      <Filter>Source Files</Filter>
    </ClCompile>
    <ClCompile Include="src\sprites\leftPills.c">
      <Filter>Source Files</Filter>
    </ClCompile>
    <ClCompile Include="src\sprites\letterMarker.c">
      <Filter>Source Files</Filter>
    </ClCompile>
    <ClCompile Include="src\sprites\letterMarker2.c">
      <Filter>Source Files</Filter>
    </ClCompile>
    <ClCompile Include="src\sprites\okSign.c">
      <Filter>Source Files</Filter>
    </ClCompile>
    <ClCompile Include="src\sprites\poweredby-cpctelera.c">
      <Filter>Source Files</Filter>
    </ClCompile>
    <ClCompile Include="src\sprites\rightPills.c">
      <Filter>Source Files</Filter>
    </ClCompile>
    <ClCompile Include="src\sprites\title.c">
      <Filter>Source Files</Filter>
    </ClCompile>
    <ClCompile Include="src\sprites\upPills.c">
      <Filter>Source Files</Filter>
    </ClCompile>
    <ClCompile Include="src\sprites\virus.c">
      <Filter>Source Files</Filter>
    </ClCompile>
    <ClCompile Include="src\sprites\viruses-big.c">
      <Filter>Source Files</Filter>
    </ClCompile>
    <ClCompile Include="src\text\text.c">
      <Filter>Source Files</Filter>
    </ClCompile>
    <ClCompile Include="src\util\tools.c">
      <Filter>Source Files</Filter>
    </ClCompile>
  </ItemGroup>
  <ItemGroup>
    <ClInclude Include="src\defines.h">
      <Filter>Header Files</Filter>
    </ClInclude>
    <ClInclude Include="src\game.h">
      <Filter>Header Files</Filter>
    </ClInclude>
    <ClInclude Include="src\entities\board.h">
      <Filter>Header Files</Filter>
    </ClInclude>
    <ClInclude Include="src\entities\cursor.h">
      <Filter>Header Files</Filter>
    </ClInclude>
    <ClInclude Include="src\entities\match.h">
      <Filter>Header Files</Filter>
    </ClInclude>
    <ClInclude Include="src\keyboard\keyboard.h">
      <Filter>Header Files</Filter>
    </ClInclude>
    <ClInclude Include="src\music\dr07.h">
      <Filter>Header Files</Filter>
    </ClInclude>
    <ClInclude Include="src\music\fx02.h">
      <Filter>Header Files</Filter>
    </ClInclude>
    <ClInclude Include="src\sprites\arm01.h">
      <Filter>Header Files</Filter>
    </ClInclude>
    <ClInclude Include="src\sprites\arm02.h">
      <Filter>Header Files</Filter>
    </ClInclude>
    <ClInclude Include="src\sprites\blocks.h">
      <Filter>Header Files</Filter>
    </ClInclude>
    <ClInclude Include="src\sprites\crown.h">
      <Filter>Header Files</Filter>
    </ClInclude>
    <ClInclude Include="src\sprites\downPills.h">
      <Filter>Header Files</Filter>
    </ClInclude>
    <ClInclude Include="src\sprites\drroland01.h">
      <Filter>Header Files</Filter>
    </ClInclude>
    <ClInclude Include="src\sprites\drroland02.h">
      <Filter>Header Files</Filter>
    </ClInclude>
    <ClInclude Include="src\sprites\eyes.h">
      <Filter>Header Files</Filter>
    </ClInclude>
    <ClInclude Include="src\sprites\feet.h">
      <Filter>Header Files</Filter>
    </ClInclude>
    <ClInclude Include="src\sprites\font_chars.h">
      <Filter>Header Files</Filter>
    </ClInclude>
    <ClInclude Include="src\sprites\hit.h">
      <Filter>Header Files</Filter>
    </ClInclude>
    <ClInclude Include="src\sprites\leftPills.h">
      <Filter>Header Files</Filter>
    </ClInclude>
    <ClInclude Include="src\sprites\letterMarker.h">
      <Filter>Header Files</Filter>
    </ClInclude>
    <ClInclude Include="src\sprites\letterMarker2.h">
      <Filter>Header Files</Filter>
    </ClInclude>
    <ClInclude Include="src\sprites\okSign.h">
      <Filter>Header Files</Filter>
    </ClInclude>
    <ClInclude Include="src\sprites\poweredby-cpctelera.h">
      <Filter>Header Files</Filter>
    </ClInclude>
    <ClInclude Include="src\sprites\rightPills.h">
      <Filter>Header Files</Filter>
    </ClInclude>
    <ClInclude Include="src\sprites\title.h">
      <Filter>Header Files</Filter>
    </ClInclude>
    <ClInclude Include="src\sprites\upPills.h">
      <Filter>Header Files</Filter>
    </ClInclude>
    <ClInclude Include="src\sprites\virus.h">
      <Filter>Header Files</Filter>
    </ClInclude>
    <ClInclude Include="src\sprites\viruses-big.h">
      <Filter>Header Files</Filter>
    </ClInclude>
    <ClInclude Include="src\text\text.h">
      <Filter>Header Files</Filter>
    </ClInclude>
    <ClInclude Include="src\util\util.h">
      <Filter>Header Files</Filter>
    </ClInclude>
  </ItemGroup>
  <ItemGroup>
    <None Include="public_html\8bitwar.html" />
    <None Include="public_html\drmk.html" />
    <None Include="public_html\index.html" />
  </ItemGroup>
</Project>